// !$*UTF8*$!
{
	archiveVersion = 1;
	classes = {
	};
	objectVersion = 50;
	objects = {

/* Begin PBXBuildFile section */
		4549B9FD26B19DB7002A4C0D /* AppDelegate.swift in Sources */ = {isa = PBXBuildFile; fileRef = 4549B9FC26B19DB7002A4C0D /* AppDelegate.swift */; };
		4549B9FF26B19DB7002A4C0D /* SceneDelegate.swift in Sources */ = {isa = PBXBuildFile; fileRef = 4549B9FE26B19DB7002A4C0D /* SceneDelegate.swift */; };
		4549BA0126B19DB7002A4C0D /* ViewController.swift in Sources */ = {isa = PBXBuildFile; fileRef = 4549BA0026B19DB7002A4C0D /* ViewController.swift */; };
		4549BA0426B19DB7002A4C0D /* Main.storyboard in Resources */ = {isa = PBXBuildFile; fileRef = 4549BA0226B19DB7002A4C0D /* Main.storyboard */; };
		4549BA0726B19DB7002A4C0D /* StoryBoardIntro.xcdatamodeld in Sources */ = {isa = PBXBuildFile; fileRef = 4549BA0526B19DB7002A4C0D /* StoryBoardIntro.xcdatamodeld */; };
		4549BA0926B19DBE002A4C0D /* Assets.xcassets in Resources */ = {isa = PBXBuildFile; fileRef = 4549BA0826B19DBE002A4C0D /* Assets.xcassets */; };
		4549BA0C26B19DBE002A4C0D /* LaunchScreen.storyboard in Resources */ = {isa = PBXBuildFile; fileRef = 4549BA0A26B19DBE002A4C0D /* LaunchScreen.storyboard */; };
		4549BA1726B19DBF002A4C0D /* StoryBoardIntroTests.swift in Sources */ = {isa = PBXBuildFile; fileRef = 4549BA1626B19DBF002A4C0D /* StoryBoardIntroTests.swift */; };
		4549BA2226B19DBF002A4C0D /* StoryBoardIntroUITests.swift in Sources */ = {isa = PBXBuildFile; fileRef = 4549BA2126B19DBF002A4C0D /* StoryBoardIntroUITests.swift */; };
/* End PBXBuildFile section */

/* Begin PBXContainerItemProxy section */
		4549BA1326B19DBF002A4C0D /* PBXContainerItemProxy */ = {
			isa = PBXContainerItemProxy;
			containerPortal = 4549B9F126B19DB7002A4C0D /* Project object */;
			proxyType = 1;
			remoteGlobalIDString = 4549B9F826B19DB7002A4C0D;
			remoteInfo = StoryBoardIntro;
		};
		4549BA1E26B19DBF002A4C0D /* PBXContainerItemProxy */ = {
			isa = PBXContainerItemProxy;
			containerPortal = 4549B9F126B19DB7002A4C0D /* Project object */;
			proxyType = 1;
			remoteGlobalIDString = 4549B9F826B19DB7002A4C0D;
			remoteInfo = StoryBoardIntro;
		};
/* End PBXContainerItemProxy section */

/* Begin PBXFileReference section */
		4549B9F926B19DB7002A4C0D /* StoryBoardIntro.app */ = {isa = PBXFileReference; explicitFileType = wrapper.application; includeInIndex = 0; path = StoryBoardIntro.app; sourceTree = BUILT_PRODUCTS_DIR; };
		4549B9FC26B19DB7002A4C0D /* AppDelegate.swift */ = {isa = PBXFileReference; lastKnownFileType = sourcecode.swift; path = AppDelegate.swift; sourceTree = "<group>"; };
		4549B9FE26B19DB7002A4C0D /* SceneDelegate.swift */ = {isa = PBXFileReference; lastKnownFileType = sourcecode.swift; path = SceneDelegate.swift; sourceTree = "<group>"; };
		4549BA0026B19DB7002A4C0D /* ViewController.swift */ = {isa = PBXFileReference; lastKnownFileType = sourcecode.swift; path = ViewController.swift; sourceTree = "<group>"; };
		4549BA0326B19DB7002A4C0D /* Base */ = {isa = PBXFileReference; lastKnownFileType = file.storyboard; name = Base; path = Base.lproj/Main.storyboard; sourceTree = "<group>"; };
		4549BA0626B19DB7002A4C0D /* StoryBoardIntro.xcdatamodel */ = {isa = PBXFileReference; lastKnownFileType = wrapper.xcdatamodel; path = StoryBoardIntro.xcdatamodel; sourceTree = "<group>"; };
		4549BA0826B19DBE002A4C0D /* Assets.xcassets */ = {isa = PBXFileReference; lastKnownFileType = folder.assetcatalog; path = Assets.xcassets; sourceTree = "<group>"; };
		4549BA0B26B19DBE002A4C0D /* Base */ = {isa = PBXFileReference; lastKnownFileType = file.storyboard; name = Base; path = Base.lproj/LaunchScreen.storyboard; sourceTree = "<group>"; };
		4549BA0D26B19DBE002A4C0D /* Info.plist */ = {isa = PBXFileReference; lastKnownFileType = text.plist.xml; path = Info.plist; sourceTree = "<group>"; };
		4549BA1226B19DBF002A4C0D /* StoryBoardIntroTests.xctest */ = {isa = PBXFileReference; explicitFileType = wrapper.cfbundle; includeInIndex = 0; path = StoryBoardIntroTests.xctest; sourceTree = BUILT_PRODUCTS_DIR; };
		4549BA1626B19DBF002A4C0D /* StoryBoardIntroTests.swift */ = {isa = PBXFileReference; lastKnownFileType = sourcecode.swift; path = StoryBoardIntroTests.swift; sourceTree = "<group>"; };
		4549BA1826B19DBF002A4C0D /* Info.plist */ = {isa = PBXFileReference; lastKnownFileType = text.plist.xml; path = Info.plist; sourceTree = "<group>"; };
		4549BA1D26B19DBF002A4C0D /* StoryBoardIntroUITests.xctest */ = {isa = PBXFileReference; explicitFileType = wrapper.cfbundle; includeInIndex = 0; path = StoryBoardIntroUITests.xctest; sourceTree = BUILT_PRODUCTS_DIR; };
		4549BA2126B19DBF002A4C0D /* StoryBoardIntroUITests.swift */ = {isa = PBXFileReference; lastKnownFileType = sourcecode.swift; path = StoryBoardIntroUITests.swift; sourceTree = "<group>"; };
		4549BA2326B19DBF002A4C0D /* Info.plist */ = {isa = PBXFileReference; lastKnownFileType = text.plist.xml; path = Info.plist; sourceTree = "<group>"; };
/* End PBXFileReference section */

/* Begin PBXFrameworksBuildPhase section */
		4549B9F626B19DB7002A4C0D /* Frameworks */ = {
			isa = PBXFrameworksBuildPhase;
			buildActionMask = 2147483647;
			files = (
			);
			runOnlyForDeploymentPostprocessing = 0;
		};
		4549BA0F26B19DBF002A4C0D /* Frameworks */ = {
			isa = PBXFrameworksBuildPhase;
			buildActionMask = 2147483647;
			files = (
			);
			runOnlyForDeploymentPostprocessing = 0;
		};
		4549BA1A26B19DBF002A4C0D /* Frameworks */ = {
			isa = PBXFrameworksBuildPhase;
			buildActionMask = 2147483647;
			files = (
			);
			runOnlyForDeploymentPostprocessing = 0;
		};
/* End PBXFrameworksBuildPhase section */

/* Begin PBXGroup section */
		4549B9F026B19DB7002A4C0D = {
			isa = PBXGroup;
			children = (
				4549B9FB26B19DB7002A4C0D /* StoryBoardIntro */,
				4549BA1526B19DBF002A4C0D /* StoryBoardIntroTests */,
				4549BA2026B19DBF002A4C0D /* StoryBoardIntroUITests */,
				4549B9FA26B19DB7002A4C0D /* Products */,
			);
			sourceTree = "<group>";
		};
		4549B9FA26B19DB7002A4C0D /* Products */ = {
			isa = PBXGroup;
			children = (
				4549B9F926B19DB7002A4C0D /* StoryBoardIntro.app */,
				4549BA1226B19DBF002A4C0D /* StoryBoardIntroTests.xctest */,
				4549BA1D26B19DBF002A4C0D /* StoryBoardIntroUITests.xctest */,
			);
			name = Products;
			sourceTree = "<group>";
		};
		4549B9FB26B19DB7002A4C0D /* StoryBoardIntro */ = {
			isa = PBXGroup;
			children = (
				4549B9FC26B19DB7002A4C0D /* AppDelegate.swift */,
				4549B9FE26B19DB7002A4C0D /* SceneDelegate.swift */,
				4549BA0026B19DB7002A4C0D /* ViewController.swift */,
				4549BA0226B19DB7002A4C0D /* Main.storyboard */,
				4549BA0826B19DBE002A4C0D /* Assets.xcassets */,
				4549BA0A26B19DBE002A4C0D /* LaunchScreen.storyboard */,
				4549BA0D26B19DBE002A4C0D /* Info.plist */,
				4549BA0526B19DB7002A4C0D /* StoryBoardIntro.xcdatamodeld */,
			);
			path = StoryBoardIntro;
			sourceTree = "<group>";
		};
		4549BA1526B19DBF002A4C0D /* StoryBoardIntroTests */ = {
			isa = PBXGroup;
			children = (
				4549BA1626B19DBF002A4C0D /* StoryBoardIntroTests.swift */,
				4549BA1826B19DBF002A4C0D /* Info.plist */,
			);
			path = StoryBoardIntroTests;
			sourceTree = "<group>";
		};
		4549BA2026B19DBF002A4C0D /* StoryBoardIntroUITests */ = {
			isa = PBXGroup;
			children = (
				4549BA2126B19DBF002A4C0D /* StoryBoardIntroUITests.swift */,
				4549BA2326B19DBF002A4C0D /* Info.plist */,
			);
			path = StoryBoardIntroUITests;
			sourceTree = "<group>";
		};
/* End PBXGroup section */

/* Begin PBXNativeTarget section */
		4549B9F826B19DB7002A4C0D /* StoryBoardIntro */ = {
			isa = PBXNativeTarget;
			buildConfigurationList = 4549BA2626B19DBF002A4C0D /* Build configuration list for PBXNativeTarget "StoryBoardIntro" */;
			buildPhases = (
				4549B9F526B19DB7002A4C0D /* Sources */,
				4549B9F626B19DB7002A4C0D /* Frameworks */,
				4549B9F726B19DB7002A4C0D /* Resources */,
			);
			buildRules = (
			);
			dependencies = (
			);
			name = StoryBoardIntro;
			productName = StoryBoardIntro;
			productReference = 4549B9F926B19DB7002A4C0D /* StoryBoardIntro.app */;
			productType = "com.apple.product-type.application";
		};
		4549BA1126B19DBF002A4C0D /* StoryBoardIntroTests */ = {
			isa = PBXNativeTarget;
			buildConfigurationList = 4549BA2926B19DBF002A4C0D /* Build configuration list for PBXNativeTarget "StoryBoardIntroTests" */;
			buildPhases = (
				4549BA0E26B19DBF002A4C0D /* Sources */,
				4549BA0F26B19DBF002A4C0D /* Frameworks */,
				4549BA1026B19DBF002A4C0D /* Resources */,
			);
			buildRules = (
			);
			dependencies = (
				4549BA1426B19DBF002A4C0D /* PBXTargetDependency */,
			);
			name = StoryBoardIntroTests;
			productName = StoryBoardIntroTests;
			productReference = 4549BA1226B19DBF002A4C0D /* StoryBoardIntroTests.xctest */;
			productType = "com.apple.product-type.bundle.unit-test";
		};
		4549BA1C26B19DBF002A4C0D /* StoryBoardIntroUITests */ = {
			isa = PBXNativeTarget;
			buildConfigurationList = 4549BA2C26B19DBF002A4C0D /* Build configuration list for PBXNativeTarget "StoryBoardIntroUITests" */;
			buildPhases = (
				4549BA1926B19DBF002A4C0D /* Sources */,
				4549BA1A26B19DBF002A4C0D /* Frameworks */,
				4549BA1B26B19DBF002A4C0D /* Resources */,
			);
			buildRules = (
			);
			dependencies = (
				4549BA1F26B19DBF002A4C0D /* PBXTargetDependency */,
			);
			name = StoryBoardIntroUITests;
			productName = StoryBoardIntroUITests;
			productReference = 4549BA1D26B19DBF002A4C0D /* StoryBoardIntroUITests.xctest */;
			productType = "com.apple.product-type.bundle.ui-testing";
		};
/* End PBXNativeTarget section */

/* Begin PBXProject section */
		4549B9F126B19DB7002A4C0D /* Project object */ = {
			isa = PBXProject;
			attributes = {
				LastSwiftUpdateCheck = 1250;
				LastUpgradeCheck = 1250;
				TargetAttributes = {
					4549B9F826B19DB7002A4C0D = {
						CreatedOnToolsVersion = 12.5.1;
					};
					4549BA1126B19DBF002A4C0D = {
						CreatedOnToolsVersion = 12.5.1;
						TestTargetID = 4549B9F826B19DB7002A4C0D;
					};
					4549BA1C26B19DBF002A4C0D = {
						CreatedOnToolsVersion = 12.5.1;
						TestTargetID = 4549B9F826B19DB7002A4C0D;
					};
				};
			};
			buildConfigurationList = 4549B9F426B19DB7002A4C0D /* Build configuration list for PBXProject "StoryBoardIntro" */;
			compatibilityVersion = "Xcode 9.3";
			developmentRegion = en;
			hasScannedForEncodings = 0;
			knownRegions = (
				en,
				Base,
			);
			mainGroup = 4549B9F026B19DB7002A4C0D;
			productRefGroup = 4549B9FA26B19DB7002A4C0D /* Products */;
			projectDirPath = "";
			projectRoot = "";
			targets = (
				4549B9F826B19DB7002A4C0D /* StoryBoardIntro */,
				4549BA1126B19DBF002A4C0D /* StoryBoardIntroTests */,
				4549BA1C26B19DBF002A4C0D /* StoryBoardIntroUITests */,
			);
		};
/* End PBXProject section */

/* Begin PBXResourcesBuildPhase section */
		4549B9F726B19DB7002A4C0D /* Resources */ = {
			isa = PBXResourcesBuildPhase;
			buildActionMask = 2147483647;
			files = (
				4549BA0C26B19DBE002A4C0D /* LaunchScreen.storyboard in Resources */,
				4549BA0926B19DBE002A4C0D /* Assets.xcassets in Resources */,
				4549BA0426B19DB7002A4C0D /* Main.storyboard in Resources */,
			);
			runOnlyForDeploymentPostprocessing = 0;
		};
		4549BA1026B19DBF002A4C0D /* Resources */ = {
			isa = PBXResourcesBuildPhase;
			buildActionMask = 2147483647;
			files = (
			);
			runOnlyForDeploymentPostprocessing = 0;
		};
		4549BA1B26B19DBF002A4C0D /* Resources */ = {
			isa = PBXResourcesBuildPhase;
			buildActionMask = 2147483647;
			files = (
			);
			runOnlyForDeploymentPostprocessing = 0;
		};
/* End PBXResourcesBuildPhase section */

/* Begin PBXSourcesBuildPhase section */
		4549B9F526B19DB7002A4C0D /* Sources */ = {
			isa = PBXSourcesBuildPhase;
			buildActionMask = 2147483647;
			files = (
				4549BA0126B19DB7002A4C0D /* ViewController.swift in Sources */,
				4549BA0726B19DB7002A4C0D /* StoryBoardIntro.xcdatamodeld in Sources */,
				4549B9FD26B19DB7002A4C0D /* AppDelegate.swift in Sources */,
				4549B9FF26B19DB7002A4C0D /* SceneDelegate.swift in Sources */,
			);
			runOnlyForDeploymentPostprocessing = 0;
		};
		4549BA0E26B19DBF002A4C0D /* Sources */ = {
			isa = PBXSourcesBuildPhase;
			buildActionMask = 2147483647;
			files = (
				4549BA1726B19DBF002A4C0D /* StoryBoardIntroTests.swift in Sources */,
			);
			runOnlyForDeploymentPostprocessing = 0;
		};
		4549BA1926B19DBF002A4C0D /* Sources */ = {
			isa = PBXSourcesBuildPhase;
			buildActionMask = 2147483647;
			files = (
				4549BA2226B19DBF002A4C0D /* StoryBoardIntroUITests.swift in Sources */,
			);
			runOnlyForDeploymentPostprocessing = 0;
		};
/* End PBXSourcesBuildPhase section */

/* Begin PBXTargetDependency section */
		4549BA1426B19DBF002A4C0D /* PBXTargetDependency */ = {
			isa = PBXTargetDependency;
			target = 4549B9F826B19DB7002A4C0D /* StoryBoardIntro */;
			targetProxy = 4549BA1326B19DBF002A4C0D /* PBXContainerItemProxy */;
		};
		4549BA1F26B19DBF002A4C0D /* PBXTargetDependency */ = {
			isa = PBXTargetDependency;
			target = 4549B9F826B19DB7002A4C0D /* StoryBoardIntro */;
			targetProxy = 4549BA1E26B19DBF002A4C0D /* PBXContainerItemProxy */;
		};
/* End PBXTargetDependency section */

/* Begin PBXVariantGroup section */
		4549BA0226B19DB7002A4C0D /* Main.storyboard */ = {
			isa = PBXVariantGroup;
			children = (
				4549BA0326B19DB7002A4C0D /* Base */,
			);
			name = Main.storyboard;
			sourceTree = "<group>";
		};
		4549BA0A26B19DBE002A4C0D /* LaunchScreen.storyboard */ = {
			isa = PBXVariantGroup;
			children = (
				4549BA0B26B19DBE002A4C0D /* Base */,
			);
			name = LaunchScreen.storyboard;
			sourceTree = "<group>";
		};
/* End PBXVariantGroup section */

/* Begin XCBuildConfiguration section */
		4549BA2426B19DBF002A4C0D /* Debug */ = {
			isa = XCBuildConfiguration;
			buildSettings = {
				ALWAYS_SEARCH_USER_PATHS = NO;
				CLANG_ANALYZER_NONNULL = YES;
				CLANG_ANALYZER_NUMBER_OBJECT_CONVERSION = YES_AGGRESSIVE;
				CLANG_CXX_LANGUAGE_STANDARD = "gnu++14";
				CLANG_CXX_LIBRARY = "libc++";
				CLANG_ENABLE_MODULES = YES;
				CLANG_ENABLE_OBJC_ARC = YES;
				CLANG_ENABLE_OBJC_WEAK = YES;
				CLANG_WARN_BLOCK_CAPTURE_AUTORELEASING = YES;
				CLANG_WARN_BOOL_CONVERSION = YES;
				CLANG_WARN_COMMA = YES;
				CLANG_WARN_CONSTANT_CONVERSION = YES;
				CLANG_WARN_DEPRECATED_OBJC_IMPLEMENTATIONS = YES;
				CLANG_WARN_DIRECT_OBJC_ISA_USAGE = YES_ERROR;
				CLANG_WARN_DOCUMENTATION_COMMENTS = YES;
				CLANG_WARN_EMPTY_BODY = YES;
				CLANG_WARN_ENUM_CONVERSION = YES;
				CLANG_WARN_INFINITE_RECURSION = YES;
				CLANG_WARN_INT_CONVERSION = YES;
				CLANG_WARN_NON_LITERAL_NULL_CONVERSION = YES;
				CLANG_WARN_OBJC_IMPLICIT_RETAIN_SELF = YES;
				CLANG_WARN_OBJC_LITERAL_CONVERSION = YES;
				CLANG_WARN_OBJC_ROOT_CLASS = YES_ERROR;
				CLANG_WARN_QUOTED_INCLUDE_IN_FRAMEWORK_HEADER = YES;
				CLANG_WARN_RANGE_LOOP_ANALYSIS = YES;
				CLANG_WARN_STRICT_PROTOTYPES = YES;
				CLANG_WARN_SUSPICIOUS_MOVE = YES;
				CLANG_WARN_UNGUARDED_AVAILABILITY = YES_AGGRESSIVE;
				CLANG_WARN_UNREACHABLE_CODE = YES;
				CLANG_WARN__DUPLICATE_METHOD_MATCH = YES;
				COPY_PHASE_STRIP = NO;
				DEBUG_INFORMATION_FORMAT = dwarf;
				ENABLE_STRICT_OBJC_MSGSEND = YES;
				ENABLE_TESTABILITY = YES;
				GCC_C_LANGUAGE_STANDARD = gnu11;
				GCC_DYNAMIC_NO_PIC = NO;
				GCC_NO_COMMON_BLOCKS = YES;
				GCC_OPTIMIZATION_LEVEL = 0;
				GCC_PREPROCESSOR_DEFINITIONS = (
					"DEBUG=1",
					"$(inherited)",
				);
				GCC_WARN_64_TO_32_BIT_CONVERSION = YES;
				GCC_WARN_ABOUT_RETURN_TYPE = YES_ERROR;
				GCC_WARN_UNDECLARED_SELECTOR = YES;
				GCC_WARN_UNINITIALIZED_AUTOS = YES_AGGRESSIVE;
				GCC_WARN_UNUSED_FUNCTION = YES;
				GCC_WARN_UNUSED_VARIABLE = YES;
				IPHONEOS_DEPLOYMENT_TARGET = 14.5;
				MTL_ENABLE_DEBUG_INFO = INCLUDE_SOURCE;
				MTL_FAST_MATH = YES;
				ONLY_ACTIVE_ARCH = YES;
				SDKROOT = iphoneos;
				SWIFT_ACTIVE_COMPILATION_CONDITIONS = DEBUG;
				SWIFT_OPTIMIZATION_LEVEL = "-Onone";
			};
			name = Debug;
		};
		4549BA2526B19DBF002A4C0D /* Release */ = {
			isa = XCBuildConfiguration;
			buildSettings = {
				ALWAYS_SEARCH_USER_PATHS = NO;
				CLANG_ANALYZER_NONNULL = YES;
				CLANG_ANALYZER_NUMBER_OBJECT_CONVERSION = YES_AGGRESSIVE;
				CLANG_CXX_LANGUAGE_STANDARD = "gnu++14";
				CLANG_CXX_LIBRARY = "libc++";
				CLANG_ENABLE_MODULES = YES;
				CLANG_ENABLE_OBJC_ARC = YES;
				CLANG_ENABLE_OBJC_WEAK = YES;
				CLANG_WARN_BLOCK_CAPTURE_AUTORELEASING = YES;
				CLANG_WARN_BOOL_CONVERSION = YES;
				CLANG_WARN_COMMA = YES;
				CLANG_WARN_CONSTANT_CONVERSION = YES;
				CLANG_WARN_DEPRECATED_OBJC_IMPLEMENTATIONS = YES;
				CLANG_WARN_DIRECT_OBJC_ISA_USAGE = YES_ERROR;
				CLANG_WARN_DOCUMENTATION_COMMENTS = YES;
				CLANG_WARN_EMPTY_BODY = YES;
				CLANG_WARN_ENUM_CONVERSION = YES;
				CLANG_WARN_INFINITE_RECURSION = YES;
				CLANG_WARN_INT_CONVERSION = YES;
				CLANG_WARN_NON_LITERAL_NULL_CONVERSION = YES;
				CLANG_WARN_OBJC_IMPLICIT_RETAIN_SELF = YES;
				CLANG_WARN_OBJC_LITERAL_CONVERSION = YES;
				CLANG_WARN_OBJC_ROOT_CLASS = YES_ERROR;
				CLANG_WARN_QUOTED_INCLUDE_IN_FRAMEWORK_HEADER = YES;
				CLANG_WARN_RANGE_LOOP_ANALYSIS = YES;
				CLANG_WARN_STRICT_PROTOTYPES = YES;
				CLANG_WARN_SUSPICIOUS_MOVE = YES;
				CLANG_WARN_UNGUARDED_AVAILABILITY = YES_AGGRESSIVE;
				CLANG_WARN_UNREACHABLE_CODE = YES;
				CLANG_WARN__DUPLICATE_METHOD_MATCH = YES;
				COPY_PHASE_STRIP = NO;
				DEBUG_INFORMATION_FORMAT = "dwarf-with-dsym";
				ENABLE_NS_ASSERTIONS = NO;
				ENABLE_STRICT_OBJC_MSGSEND = YES;
				GCC_C_LANGUAGE_STANDARD = gnu11;
				GCC_NO_COMMON_BLOCKS = YES;
				GCC_WARN_64_TO_32_BIT_CONVERSION = YES;
				GCC_WARN_ABOUT_RETURN_TYPE = YES_ERROR;
				GCC_WARN_UNDECLARED_SELECTOR = YES;
				GCC_WARN_UNINITIALIZED_AUTOS = YES_AGGRESSIVE;
				GCC_WARN_UNUSED_FUNCTION = YES;
				GCC_WARN_UNUSED_VARIABLE = YES;
				IPHONEOS_DEPLOYMENT_TARGET = 14.5;
				MTL_ENABLE_DEBUG_INFO = NO;
				MTL_FAST_MATH = YES;
				SDKROOT = iphoneos;
				SWIFT_COMPILATION_MODE = wholemodule;
				SWIFT_OPTIMIZATION_LEVEL = "-O";
				VALIDATE_PRODUCT = YES;
			};
			name = Release;
		};
		4549BA2726B19DBF002A4C0D /* Debug */ = {
			isa = XCBuildConfiguration;
			buildSettings = {
				ASSETCATALOG_COMPILER_APPICON_NAME = AppIcon;
				ASSETCATALOG_COMPILER_GLOBAL_ACCENT_COLOR_NAME = AccentColor;
				CODE_SIGN_STYLE = Automatic;
				INFOPLIST_FILE = StoryBoardIntro/Info.plist;
				LD_RUNPATH_SEARCH_PATHS = (
					"$(inherited)",
					"@executable_path/Frameworks",
				);
				PRODUCT_BUNDLE_IDENTIFIER = KWK.StoryBoardIntro;
				PRODUCT_NAME = "$(TARGET_NAME)";
				SWIFT_VERSION = 5.0;
				TARGETED_DEVICE_FAMILY = "1,2";
			};
			name = Debug;
		};
		4549BA2826B19DBF002A4C0D /* Release */ = {
			isa = XCBuildConfiguration;
			buildSettings = {
				ASSETCATALOG_COMPILER_APPICON_NAME = AppIcon;
				ASSETCATALOG_COMPILER_GLOBAL_ACCENT_COLOR_NAME = AccentColor;
				CODE_SIGN_STYLE = Automatic;
				INFOPLIST_FILE = StoryBoardIntro/Info.plist;
				LD_RUNPATH_SEARCH_PATHS = (
					"$(inherited)",
					"@executable_path/Frameworks",
				);
				PRODUCT_BUNDLE_IDENTIFIER = KWK.StoryBoardIntro;
				PRODUCT_NAME = "$(TARGET_NAME)";
				SWIFT_VERSION = 5.0;
				TARGETED_DEVICE_FAMILY = "1,2";
			};
			name = Release;
		};
		4549BA2A26B19DBF002A4C0D /* Debug */ = {
			isa = XCBuildConfiguration;
			buildSettings = {
				ALWAYS_EMBED_SWIFT_STANDARD_LIBRARIES = YES;
				BUNDLE_LOADER = "$(TEST_HOST)";
				CODE_SIGN_STYLE = Automatic;
				INFOPLIST_FILE = StoryBoardIntroTests/Info.plist;
				IPHONEOS_DEPLOYMENT_TARGET = 14.5;
				LD_RUNPATH_SEARCH_PATHS = (
					"$(inherited)",
					"@executable_path/Frameworks",
					"@loader_path/Frameworks",
				);
				PRODUCT_BUNDLE_IDENTIFIER = KWK.StoryBoardIntroTests;
				PRODUCT_NAME = "$(TARGET_NAME)";
				SWIFT_VERSION = 5.0;
				TARGETED_DEVICE_FAMILY = "1,2";
				TEST_HOST = "$(BUILT_PRODUCTS_DIR)/StoryBoardIntro.app/StoryBoardIntro";
			};
			name = Debug;
		};
		4549BA2B26B19DBF002A4C0D /* Release */ = {
			isa = XCBuildConfiguration;
			buildSettings = {
				ALWAYS_EMBED_SWIFT_STANDARD_LIBRARIES = YES;
				BUNDLE_LOADER = "$(TEST_HOST)";
				CODE_SIGN_STYLE = Automatic;
				INFOPLIST_FILE = StoryBoardIntroTests/Info.plist;
				IPHONEOS_DEPLOYMENT_TARGET = 14.5;
				LD_RUNPATH_SEARCH_PATHS = (
					"$(inherited)",
					"@executable_path/Frameworks",
					"@loader_path/Frameworks",
				);
				PRODUCT_BUNDLE_IDENTIFIER = KWK.StoryBoardIntroTests;
				PRODUCT_NAME = "$(TARGET_NAME)";
				SWIFT_VERSION = 5.0;
				TARGETED_DEVICE_FAMILY = "1,2";
				TEST_HOST = "$(BUILT_PRODUCTS_DIR)/StoryBoardIntro.app/StoryBoardIntro";
			};
			name = Release;
		};
		4549BA2D26B19DBF002A4C0D /* Debug */ = {
			isa = XCBuildConfiguration;
			buildSettings = {
				ALWAYS_EMBED_SWIFT_STANDARD_LIBRARIES = YES;
				CODE_SIGN_STYLE = Automatic;
				INFOPLIST_FILE = StoryBoardIntroUITests/Info.plist;
				LD_RUNPATH_SEARCH_PATHS = (
					"$(inherited)",
					"@executable_path/Frameworks",
					"@loader_path/Frameworks",
				);
				PRODUCT_BUNDLE_IDENTIFIER = KWK.StoryBoardIntroUITests;
				PRODUCT_NAME = "$(TARGET_NAME)";
				SWIFT_VERSION = 5.0;
				TARGETED_DEVICE_FAMILY = "1,2";
				TEST_TARGET_NAME = StoryBoardIntro;
			};
			name = Debug;
		};
		4549BA2E26B19DBF002A4C0D /* Release */ = {
			isa = XCBuildConfiguration;
			buildSettings = {
				ALWAYS_EMBED_SWIFT_STANDARD_LIBRARIES = YES;
				CODE_SIGN_STYLE = Automatic;
				INFOPLIST_FILE = StoryBoardIntroUITests/Info.plist;
				LD_RUNPATH_SEARCH_PATHS = (
					"$(inherited)",
					"@executable_path/Frameworks",
					"@loader_path/Frameworks",
				);
				PRODUCT_BUNDLE_IDENTIFIER = KWK.StoryBoardIntroUITests;
				PRODUCT_NAME = "$(TARGET_NAME)";
				SWIFT_VERSION = 5.0;
				TARGETED_DEVICE_FAMILY = "1,2";
				TEST_TARGET_NAME = StoryBoardIntro;
			};
			name = Release;
		};
/* End XCBuildConfiguration section */

/* Begin XCConfigurationList section */
		4549B9F426B19DB7002A4C0D /* Build configuration list for PBXProject "StoryBoardIntro" */ = {
			isa = XCConfigurationList;
			buildConfigurations = (
				4549BA2426B19DBF002A4C0D /* Debug */,
				4549BA2526B19DBF002A4C0D /* Release */,
			);
			defaultConfigurationIsVisible = 0;
			defaultConfigurationName = Release;
		};
		4549BA2626B19DBF002A4C0D /* Build configuration list for PBXNativeTarget "StoryBoardIntro" */ = {
			isa = XCConfigurationList;
			buildConfigurations = (
				4549BA2726B19DBF002A4C0D /* Debug */,
				4549BA2826B19DBF002A4C0D /* Release */,
			);
			defaultConfigurationIsVisible = 0;
			defaultConfigurationName = Release;
		};
		4549BA2926B19DBF002A4C0D /* Build configuration list for PBXNativeTarget "StoryBoardIntroTests" */ = {
			isa = XCConfigurationList;
			buildConfigurations = (
				4549BA2A26B19DBF002A4C0D /* Debug */,
				4549BA2B26B19DBF002A4C0D /* Release */,
			);
			defaultConfigurationIsVisible = 0;
			defaultConfigurationName = Release;
		};
		4549BA2C26B19DBF002A4C0D /* Build configuration list for PBXNativeTarget "StoryBoardIntroUITests" */ = {
			isa = XCConfigurationList;
			buildConfigurations = (
				4549BA2D26B19DBF002A4C0D /* Debug */,
				4549BA2E26B19DBF002A4C0D /* Release */,
			);
			defaultConfigurationIsVisible = 0;
			defaultConfigurationName = Release;
		};
/* End XCConfigurationList section */

/* Begin XCVersionGroup section */
		4549BA0526B19DB7002A4C0D /* StoryBoardIntro.xcdatamodeld */ = {
			isa = XCVersionGroup;
			children = (
				4549BA0626B19DB7002A4C0D /* StoryBoardIntro.xcdatamodel */,
			);
			currentVersion = 4549BA0626B19DB7002A4C0D /* StoryBoardIntro.xcdatamodel */;
			path = StoryBoardIntro.xcdatamodeld;
			sourceTree = "<group>";
			versionGroupType = wrapper.xcdatamodel;
		};
/* End XCVersionGroup section */
	};
	rootObject = 4549B9F126B19DB7002A4C0D /* Project object */;
}
