// !$*UTF8*$!
{
	archiveVersion = 1;
	classes = {
	};
	objectVersion = 50;
	objects = {

/* Begin PBXBuildFile section */
		45E2975526B1D4770010A805 /* AppDelegate.swift in Sources */ = {isa = PBXBuildFile; fileRef = 45E2975426B1D4770010A805 /* AppDelegate.swift */; };
		45E2975726B1D4770010A805 /* SceneDelegate.swift in Sources */ = {isa = PBXBuildFile; fileRef = 45E2975626B1D4770010A805 /* SceneDelegate.swift */; };
		45E2975926B1D4770010A805 /* ViewController.swift in Sources */ = {isa = PBXBuildFile; fileRef = 45E2975826B1D4770010A805 /* ViewController.swift */; };
		45E2975C26B1D4770010A805 /* Main.storyboard in Resources */ = {isa = PBXBuildFile; fileRef = 45E2975A26B1D4770010A805 /* Main.storyboard */; };
		45E2975F26B1D4770010A805 /* MiniProject1.xcdatamodeld in Sources */ = {isa = PBXBuildFile; fileRef = 45E2975D26B1D4770010A805 /* MiniProject1.xcdatamodeld */; };
		45E2976126B1D47F0010A805 /* Assets.xcassets in Resources */ = {isa = PBXBuildFile; fileRef = 45E2976026B1D47F0010A805 /* Assets.xcassets */; };
		45E2976426B1D47F0010A805 /* LaunchScreen.storyboard in Resources */ = {isa = PBXBuildFile; fileRef = 45E2976226B1D47F0010A805 /* LaunchScreen.storyboard */; };
		45E2976F26B1D4800010A805 /* MiniProject1Tests.swift in Sources */ = {isa = PBXBuildFile; fileRef = 45E2976E26B1D4800010A805 /* MiniProject1Tests.swift */; };
		45E2977A26B1D4800010A805 /* MiniProject1UITests.swift in Sources */ = {isa = PBXBuildFile; fileRef = 45E2977926B1D4800010A805 /* MiniProject1UITests.swift */; };
/* End PBXBuildFile section */

/* Begin PBXContainerItemProxy section */
		45E2976B26B1D4800010A805 /* PBXContainerItemProxy */ = {
			isa = PBXContainerItemProxy;
			containerPortal = 45E2974926B1D4770010A805 /* Project object */;
			proxyType = 1;
			remoteGlobalIDString = 45E2975026B1D4770010A805;
			remoteInfo = MiniProject1;
		};
		45E2977626B1D4800010A805 /* PBXContainerItemProxy */ = {
			isa = PBXContainerItemProxy;
			containerPortal = 45E2974926B1D4770010A805 /* Project object */;
			proxyType = 1;
			remoteGlobalIDString = 45E2975026B1D4770010A805;
			remoteInfo = MiniProject1;
		};
/* End PBXContainerItemProxy section */

/* Begin PBXFileReference section */
		45E2975126B1D4770010A805 /* MiniProject1.app */ = {isa = PBXFileReference; explicitFileType = wrapper.application; includeInIndex = 0; path = MiniProject1.app; sourceTree = BUILT_PRODUCTS_DIR; };
		45E2975426B1D4770010A805 /* AppDelegate.swift */ = {isa = PBXFileReference; lastKnownFileType = sourcecode.swift; path = AppDelegate.swift; sourceTree = "<group>"; };
		45E2975626B1D4770010A805 /* SceneDelegate.swift */ = {isa = PBXFileReference; lastKnownFileType = sourcecode.swift; path = SceneDelegate.swift; sourceTree = "<group>"; };
		45E2975826B1D4770010A805 /* ViewController.swift */ = {isa = PBXFileReference; lastKnownFileType = sourcecode.swift; path = ViewController.swift; sourceTree = "<group>"; };
		45E2975B26B1D4770010A805 /* Base */ = {isa = PBXFileReference; lastKnownFileType = file.storyboard; name = Base; path = Base.lproj/Main.storyboard; sourceTree = "<group>"; };
		45E2975E26B1D4770010A805 /* MiniProject1.xcdatamodel */ = {isa = PBXFileReference; lastKnownFileType = wrapper.xcdatamodel; path = MiniProject1.xcdatamodel; sourceTree = "<group>"; };
		45E2976026B1D47F0010A805 /* Assets.xcassets */ = {isa = PBXFileReference; lastKnownFileType = folder.assetcatalog; path = Assets.xcassets; sourceTree = "<group>"; };
		45E2976326B1D47F0010A805 /* Base */ = {isa = PBXFileReference; lastKnownFileType = file.storyboard; name = Base; path = Base.lproj/LaunchScreen.storyboard; sourceTree = "<group>"; };
		45E2976526B1D47F0010A805 /* Info.plist */ = {isa = PBXFileReference; lastKnownFileType = text.plist.xml; path = Info.plist; sourceTree = "<group>"; };
		45E2976A26B1D4800010A805 /* MiniProject1Tests.xctest */ = {isa = PBXFileReference; explicitFileType = wrapper.cfbundle; includeInIndex = 0; path = MiniProject1Tests.xctest; sourceTree = BUILT_PRODUCTS_DIR; };
		45E2976E26B1D4800010A805 /* MiniProject1Tests.swift */ = {isa = PBXFileReference; lastKnownFileType = sourcecode.swift; path = MiniProject1Tests.swift; sourceTree = "<group>"; };
		45E2977026B1D4800010A805 /* Info.plist */ = {isa = PBXFileReference; lastKnownFileType = text.plist.xml; path = Info.plist; sourceTree = "<group>"; };
		45E2977526B1D4800010A805 /* MiniProject1UITests.xctest */ = {isa = PBXFileReference; explicitFileType = wrapper.cfbundle; includeInIndex = 0; path = MiniProject1UITests.xctest; sourceTree = BUILT_PRODUCTS_DIR; };
		45E2977926B1D4800010A805 /* MiniProject1UITests.swift */ = {isa = PBXFileReference; lastKnownFileType = sourcecode.swift; path = MiniProject1UITests.swift; sourceTree = "<group>"; };
		45E2977B26B1D4800010A805 /* Info.plist */ = {isa = PBXFileReference; lastKnownFileType = text.plist.xml; path = Info.plist; sourceTree = "<group>"; };
/* End PBXFileReference section */

/* Begin PBXFrameworksBuildPhase section */
		45E2974E26B1D4770010A805 /* Frameworks */ = {
			isa = PBXFrameworksBuildPhase;
			buildActionMask = 2147483647;
			files = (
			);
			runOnlyForDeploymentPostprocessing = 0;
		};
		45E2976726B1D4800010A805 /* Frameworks */ = {
			isa = PBXFrameworksBuildPhase;
			buildActionMask = 2147483647;
			files = (
			);
			runOnlyForDeploymentPostprocessing = 0;
		};
		45E2977226B1D4800010A805 /* Frameworks */ = {
			isa = PBXFrameworksBuildPhase;
			buildActionMask = 2147483647;
			files = (
			);
			runOnlyForDeploymentPostprocessing = 0;
		};
/* End PBXFrameworksBuildPhase section */

/* Begin PBXGroup section */
		45E2974826B1D4770010A805 = {
			isa = PBXGroup;
			children = (
				45E2975326B1D4770010A805 /* MiniProject1 */,
				45E2976D26B1D4800010A805 /* MiniProject1Tests */,
				45E2977826B1D4800010A805 /* MiniProject1UITests */,
				45E2975226B1D4770010A805 /* Products */,
			);
			sourceTree = "<group>";
		};
		45E2975226B1D4770010A805 /* Products */ = {
			isa = PBXGroup;
			children = (
				45E2975126B1D4770010A805 /* MiniProject1.app */,
				45E2976A26B1D4800010A805 /* MiniProject1Tests.xctest */,
				45E2977526B1D4800010A805 /* MiniProject1UITests.xctest */,
			);
			name = Products;
			sourceTree = "<group>";
		};
		45E2975326B1D4770010A805 /* MiniProject1 */ = {
			isa = PBXGroup;
			children = (
				45E2975426B1D4770010A805 /* AppDelegate.swift */,
				45E2975626B1D4770010A805 /* SceneDelegate.swift */,
				45E2975826B1D4770010A805 /* ViewController.swift */,
				45E2975A26B1D4770010A805 /* Main.storyboard */,
				45E2976026B1D47F0010A805 /* Assets.xcassets */,
				45E2976226B1D47F0010A805 /* LaunchScreen.storyboard */,
				45E2976526B1D47F0010A805 /* Info.plist */,
				45E2975D26B1D4770010A805 /* MiniProject1.xcdatamodeld */,
			);
			path = MiniProject1;
			sourceTree = "<group>";
		};
		45E2976D26B1D4800010A805 /* MiniProject1Tests */ = {
			isa = PBXGroup;
			children = (
				45E2976E26B1D4800010A805 /* MiniProject1Tests.swift */,
				45E2977026B1D4800010A805 /* Info.plist */,
			);
			path = MiniProject1Tests;
			sourceTree = "<group>";
		};
		45E2977826B1D4800010A805 /* MiniProject1UITests */ = {
			isa = PBXGroup;
			children = (
				45E2977926B1D4800010A805 /* MiniProject1UITests.swift */,
				45E2977B26B1D4800010A805 /* Info.plist */,
			);
			path = MiniProject1UITests;
			sourceTree = "<group>";
		};
/* End PBXGroup section */

/* Begin PBXNativeTarget section */
		45E2975026B1D4770010A805 /* MiniProject1 */ = {
			isa = PBXNativeTarget;
			buildConfigurationList = 45E2977E26B1D4800010A805 /* Build configuration list for PBXNativeTarget "MiniProject1" */;
			buildPhases = (
				45E2974D26B1D4770010A805 /* Sources */,
				45E2974E26B1D4770010A805 /* Frameworks */,
				45E2974F26B1D4770010A805 /* Resources */,
			);
			buildRules = (
			);
			dependencies = (
			);
			name = MiniProject1;
			productName = MiniProject1;
			productReference = 45E2975126B1D4770010A805 /* MiniProject1.app */;
			productType = "com.apple.product-type.application";
		};
		45E2976926B1D4800010A805 /* MiniProject1Tests */ = {
			isa = PBXNativeTarget;
			buildConfigurationList = 45E2978126B1D4800010A805 /* Build configuration list for PBXNativeTarget "MiniProject1Tests" */;
			buildPhases = (
				45E2976626B1D4800010A805 /* Sources */,
				45E2976726B1D4800010A805 /* Frameworks */,
				45E2976826B1D4800010A805 /* Resources */,
			);
			buildRules = (
			);
			dependencies = (
				45E2976C26B1D4800010A805 /* PBXTargetDependency */,
			);
			name = MiniProject1Tests;
			productName = MiniProject1Tests;
			productReference = 45E2976A26B1D4800010A805 /* MiniProject1Tests.xctest */;
			productType = "com.apple.product-type.bundle.unit-test";
		};
		45E2977426B1D4800010A805 /* MiniProject1UITests */ = {
			isa = PBXNativeTarget;
			buildConfigurationList = 45E2978426B1D4800010A805 /* Build configuration list for PBXNativeTarget "MiniProject1UITests" */;
			buildPhases = (
				45E2977126B1D4800010A805 /* Sources */,
				45E2977226B1D4800010A805 /* Frameworks */,
				45E2977326B1D4800010A805 /* Resources */,
			);
			buildRules = (
			);
			dependencies = (
				45E2977726B1D4800010A805 /* PBXTargetDependency */,
			);
			name = MiniProject1UITests;
			productName = MiniProject1UITests;
			productReference = 45E2977526B1D4800010A805 /* MiniProject1UITests.xctest */;
			productType = "com.apple.product-type.bundle.ui-testing";
		};
/* End PBXNativeTarget section */

/* Begin PBXProject section */
		45E2974926B1D4770010A805 /* Project object */ = {
			isa = PBXProject;
			attributes = {
				LastSwiftUpdateCheck = 1250;
				LastUpgradeCheck = 1250;
				TargetAttributes = {
					45E2975026B1D4770010A805 = {
						CreatedOnToolsVersion = 12.5.1;
					};
					45E2976926B1D4800010A805 = {
						CreatedOnToolsVersion = 12.5.1;
						TestTargetID = 45E2975026B1D4770010A805;
					};
					45E2977426B1D4800010A805 = {
						CreatedOnToolsVersion = 12.5.1;
						TestTargetID = 45E2975026B1D4770010A805;
					};
				};
			};
			buildConfigurationList = 45E2974C26B1D4770010A805 /* Build configuration list for PBXProject "MiniProject1" */;
			compatibilityVersion = "Xcode 9.3";
			developmentRegion = en;
			hasScannedForEncodings = 0;
			knownRegions = (
				en,
				Base,
			);
			mainGroup = 45E2974826B1D4770010A805;
			productRefGroup = 45E2975226B1D4770010A805 /* Products */;
			projectDirPath = "";
			projectRoot = "";
			targets = (
				45E2975026B1D4770010A805 /* MiniProject1 */,
				45E2976926B1D4800010A805 /* MiniProject1Tests */,
				45E2977426B1D4800010A805 /* MiniProject1UITests */,
			);
		};
/* End PBXProject section */

/* Begin PBXResourcesBuildPhase section */
		45E2974F26B1D4770010A805 /* Resources */ = {
			isa = PBXResourcesBuildPhase;
			buildActionMask = 2147483647;
			files = (
				45E2976426B1D47F0010A805 /* LaunchScreen.storyboard in Resources */,
				45E2976126B1D47F0010A805 /* Assets.xcassets in Resources */,
				45E2975C26B1D4770010A805 /* Main.storyboard in Resources */,
			);
			runOnlyForDeploymentPostprocessing = 0;
		};
		45E2976826B1D4800010A805 /* Resources */ = {
			isa = PBXResourcesBuildPhase;
			buildActionMask = 2147483647;
			files = (
			);
			runOnlyForDeploymentPostprocessing = 0;
		};
		45E2977326B1D4800010A805 /* Resources */ = {
			isa = PBXResourcesBuildPhase;
			buildActionMask = 2147483647;
			files = (
			);
			runOnlyForDeploymentPostprocessing = 0;
		};
/* End PBXResourcesBuildPhase section */

/* Begin PBXSourcesBuildPhase section */
		45E2974D26B1D4770010A805 /* Sources */ = {
			isa = PBXSourcesBuildPhase;
			buildActionMask = 2147483647;
			files = (
				45E2975926B1D4770010A805 /* ViewController.swift in Sources */,
				45E2975526B1D4770010A805 /* AppDelegate.swift in Sources */,
				45E2975F26B1D4770010A805 /* MiniProject1.xcdatamodeld in Sources */,
				45E2975726B1D4770010A805 /* SceneDelegate.swift in Sources */,
			);
			runOnlyForDeploymentPostprocessing = 0;
		};
		45E2976626B1D4800010A805 /* Sources */ = {
			isa = PBXSourcesBuildPhase;
			buildActionMask = 2147483647;
			files = (
				45E2976F26B1D4800010A805 /* MiniProject1Tests.swift in Sources */,
			);
			runOnlyForDeploymentPostprocessing = 0;
		};
		45E2977126B1D4800010A805 /* Sources */ = {
			isa = PBXSourcesBuildPhase;
			buildActionMask = 2147483647;
			files = (
				45E2977A26B1D4800010A805 /* MiniProject1UITests.swift in Sources */,
			);
			runOnlyForDeploymentPostprocessing = 0;
		};
/* End PBXSourcesBuildPhase section */

/* Begin PBXTargetDependency section */
		45E2976C26B1D4800010A805 /* PBXTargetDependency */ = {
			isa = PBXTargetDependency;
			target = 45E2975026B1D4770010A805 /* MiniProject1 */;
			targetProxy = 45E2976B26B1D4800010A805 /* PBXContainerItemProxy */;
		};
		45E2977726B1D4800010A805 /* PBXTargetDependency */ = {
			isa = PBXTargetDependency;
			target = 45E2975026B1D4770010A805 /* MiniProject1 */;
			targetProxy = 45E2977626B1D4800010A805 /* PBXContainerItemProxy */;
		};
/* End PBXTargetDependency section */

/* Begin PBXVariantGroup section */
		45E2975A26B1D4770010A805 /* Main.storyboard */ = {
			isa = PBXVariantGroup;
			children = (
				45E2975B26B1D4770010A805 /* Base */,
			);
			name = Main.storyboard;
			sourceTree = "<group>";
		};
		45E2976226B1D47F0010A805 /* LaunchScreen.storyboard */ = {
			isa = PBXVariantGroup;
			children = (
				45E2976326B1D47F0010A805 /* Base */,
			);
			name = LaunchScreen.storyboard;
			sourceTree = "<group>";
		};
/* End PBXVariantGroup section */

/* Begin XCBuildConfiguration section */
		45E2977C26B1D4800010A805 /* Debug */ = {
			isa = XCBuildConfiguration;
			buildSettings = {
				ALWAYS_SEARCH_USER_PATHS = NO;
				CLANG_ANALYZER_NONNULL = YES;
				CLANG_ANALYZER_NUMBER_OBJECT_CONVERSION = YES_AGGRESSIVE;
				CLANG_CXX_LANGUAGE_STANDARD = "gnu++14";
				CLANG_CXX_LIBRARY = "libc++";
				CLANG_ENABLE_MODULES = YES;
				CLANG_ENABLE_OBJC_ARC = YES;
				CLANG_ENABLE_OBJC_WEAK = YES;
				CLANG_WARN_BLOCK_CAPTURE_AUTORELEASING = YES;
				CLANG_WARN_BOOL_CONVERSION = YES;
				CLANG_WARN_COMMA = YES;
				CLANG_WARN_CONSTANT_CONVERSION = YES;
				CLANG_WARN_DEPRECATED_OBJC_IMPLEMENTATIONS = YES;
				CLANG_WARN_DIRECT_OBJC_ISA_USAGE = YES_ERROR;
				CLANG_WARN_DOCUMENTATION_COMMENTS = YES;
				CLANG_WARN_EMPTY_BODY = YES;
				CLANG_WARN_ENUM_CONVERSION = YES;
				CLANG_WARN_INFINITE_RECURSION = YES;
				CLANG_WARN_INT_CONVERSION = YES;
				CLANG_WARN_NON_LITERAL_NULL_CONVERSION = YES;
				CLANG_WARN_OBJC_IMPLICIT_RETAIN_SELF = YES;
				CLANG_WARN_OBJC_LITERAL_CONVERSION = YES;
				CLANG_WARN_OBJC_ROOT_CLASS = YES_ERROR;
				CLANG_WARN_QUOTED_INCLUDE_IN_FRAMEWORK_HEADER = YES;
				CLANG_WARN_RANGE_LOOP_ANALYSIS = YES;
				CLANG_WARN_STRICT_PROTOTYPES = YES;
				CLANG_WARN_SUSPICIOUS_MOVE = YES;
				CLANG_WARN_UNGUARDED_AVAILABILITY = YES_AGGRESSIVE;
				CLANG_WARN_UNREACHABLE_CODE = YES;
				CLANG_WARN__DUPLICATE_METHOD_MATCH = YES;
				COPY_PHASE_STRIP = NO;
				DEBUG_INFORMATION_FORMAT = dwarf;
				ENABLE_STRICT_OBJC_MSGSEND = YES;
				ENABLE_TESTABILITY = YES;
				GCC_C_LANGUAGE_STANDARD = gnu11;
				GCC_DYNAMIC_NO_PIC = NO;
				GCC_NO_COMMON_BLOCKS = YES;
				GCC_OPTIMIZATION_LEVEL = 0;
				GCC_PREPROCESSOR_DEFINITIONS = (
					"DEBUG=1",
					"$(inherited)",
				);
				GCC_WARN_64_TO_32_BIT_CONVERSION = YES;
				GCC_WARN_ABOUT_RETURN_TYPE = YES_ERROR;
				GCC_WARN_UNDECLARED_SELECTOR = YES;
				GCC_WARN_UNINITIALIZED_AUTOS = YES_AGGRESSIVE;
				GCC_WARN_UNUSED_FUNCTION = YES;
				GCC_WARN_UNUSED_VARIABLE = YES;
				IPHONEOS_DEPLOYMENT_TARGET = 14.5;
				MTL_ENABLE_DEBUG_INFO = INCLUDE_SOURCE;
				MTL_FAST_MATH = YES;
				ONLY_ACTIVE_ARCH = YES;
				SDKROOT = iphoneos;
				SWIFT_ACTIVE_COMPILATION_CONDITIONS = DEBUG;
				SWIFT_OPTIMIZATION_LEVEL = "-Onone";
			};
			name = Debug;
		};
		45E2977D26B1D4800010A805 /* Release */ = {
			isa = XCBuildConfiguration;
			buildSettings = {
				ALWAYS_SEARCH_USER_PATHS = NO;
				CLANG_ANALYZER_NONNULL = YES;
				CLANG_ANALYZER_NUMBER_OBJECT_CONVERSION = YES_AGGRESSIVE;
				CLANG_CXX_LANGUAGE_STANDARD = "gnu++14";
				CLANG_CXX_LIBRARY = "libc++";
				CLANG_ENABLE_MODULES = YES;
				CLANG_ENABLE_OBJC_ARC = YES;
				CLANG_ENABLE_OBJC_WEAK = YES;
				CLANG_WARN_BLOCK_CAPTURE_AUTORELEASING = YES;
				CLANG_WARN_BOOL_CONVERSION = YES;
				CLANG_WARN_COMMA = YES;
				CLANG_WARN_CONSTANT_CONVERSION = YES;
				CLANG_WARN_DEPRECATED_OBJC_IMPLEMENTATIONS = YES;
				CLANG_WARN_DIRECT_OBJC_ISA_USAGE = YES_ERROR;
				CLANG_WARN_DOCUMENTATION_COMMENTS = YES;
				CLANG_WARN_EMPTY_BODY = YES;
				CLANG_WARN_ENUM_CONVERSION = YES;
				CLANG_WARN_INFINITE_RECURSION = YES;
				CLANG_WARN_INT_CONVERSION = YES;
				CLANG_WARN_NON_LITERAL_NULL_CONVERSION = YES;
				CLANG_WARN_OBJC_IMPLICIT_RETAIN_SELF = YES;
				CLANG_WARN_OBJC_LITERAL_CONVERSION = YES;
				CLANG_WARN_OBJC_ROOT_CLASS = YES_ERROR;
				CLANG_WARN_QUOTED_INCLUDE_IN_FRAMEWORK_HEADER = YES;
				CLANG_WARN_RANGE_LOOP_ANALYSIS = YES;
				CLANG_WARN_STRICT_PROTOTYPES = YES;
				CLANG_WARN_SUSPICIOUS_MOVE = YES;
				CLANG_WARN_UNGUARDED_AVAILABILITY = YES_AGGRESSIVE;
				CLANG_WARN_UNREACHABLE_CODE = YES;
				CLANG_WARN__DUPLICATE_METHOD_MATCH = YES;
				COPY_PHASE_STRIP = NO;
				DEBUG_INFORMATION_FORMAT = "dwarf-with-dsym";
				ENABLE_NS_ASSERTIONS = NO;
				ENABLE_STRICT_OBJC_MSGSEND = YES;
				GCC_C_LANGUAGE_STANDARD = gnu11;
				GCC_NO_COMMON_BLOCKS = YES;
				GCC_WARN_64_TO_32_BIT_CONVERSION = YES;
				GCC_WARN_ABOUT_RETURN_TYPE = YES_ERROR;
				GCC_WARN_UNDECLARED_SELECTOR = YES;
				GCC_WARN_UNINITIALIZED_AUTOS = YES_AGGRESSIVE;
				GCC_WARN_UNUSED_FUNCTION = YES;
				GCC_WARN_UNUSED_VARIABLE = YES;
				IPHONEOS_DEPLOYMENT_TARGET = 14.5;
				MTL_ENABLE_DEBUG_INFO = NO;
				MTL_FAST_MATH = YES;
				SDKROOT = iphoneos;
				SWIFT_COMPILATION_MODE = wholemodule;
				SWIFT_OPTIMIZATION_LEVEL = "-O";
				VALIDATE_PRODUCT = YES;
			};
			name = Release;
		};
		45E2977F26B1D4800010A805 /* Debug */ = {
			isa = XCBuildConfiguration;
			buildSettings = {
				ASSETCATALOG_COMPILER_APPICON_NAME = AppIcon;
				ASSETCATALOG_COMPILER_GLOBAL_ACCENT_COLOR_NAME = AccentColor;
				CODE_SIGN_STYLE = Automatic;
				INFOPLIST_FILE = MiniProject1/Info.plist;
				LD_RUNPATH_SEARCH_PATHS = (
					"$(inherited)",
					"@executable_path/Frameworks",
				);
				PRODUCT_BUNDLE_IDENTIFIER = KWK.MiniProject1;
				PRODUCT_NAME = "$(TARGET_NAME)";
				SWIFT_VERSION = 5.0;
				TARGETED_DEVICE_FAMILY = "1,2";
			};
			name = Debug;
		};
		45E2978026B1D4800010A805 /* Release */ = {
			isa = XCBuildConfiguration;
			buildSettings = {
				ASSETCATALOG_COMPILER_APPICON_NAME = AppIcon;
				ASSETCATALOG_COMPILER_GLOBAL_ACCENT_COLOR_NAME = AccentColor;
				CODE_SIGN_STYLE = Automatic;
				INFOPLIST_FILE = MiniProject1/Info.plist;
				LD_RUNPATH_SEARCH_PATHS = (
					"$(inherited)",
					"@executable_path/Frameworks",
				);
				PRODUCT_BUNDLE_IDENTIFIER = KWK.MiniProject1;
				PRODUCT_NAME = "$(TARGET_NAME)";
				SWIFT_VERSION = 5.0;
				TARGETED_DEVICE_FAMILY = "1,2";
			};
			name = Release;
		};
		45E2978226B1D4800010A805 /* Debug */ = {
			isa = XCBuildConfiguration;
			buildSettings = {
				ALWAYS_EMBED_SWIFT_STANDARD_LIBRARIES = YES;
				BUNDLE_LOADER = "$(TEST_HOST)";
				CODE_SIGN_STYLE = Automatic;
				INFOPLIST_FILE = MiniProject1Tests/Info.plist;
				IPHONEOS_DEPLOYMENT_TARGET = 14.5;
				LD_RUNPATH_SEARCH_PATHS = (
					"$(inherited)",
					"@executable_path/Frameworks",
					"@loader_path/Frameworks",
				);
				PRODUCT_BUNDLE_IDENTIFIER = KWK.MiniProject1Tests;
				PRODUCT_NAME = "$(TARGET_NAME)";
				SWIFT_VERSION = 5.0;
				TARGETED_DEVICE_FAMILY = "1,2";
				TEST_HOST = "$(BUILT_PRODUCTS_DIR)/MiniProject1.app/MiniProject1";
			};
			name = Debug;
		};
		45E2978326B1D4800010A805 /* Release */ = {
			isa = XCBuildConfiguration;
			buildSettings = {
				ALWAYS_EMBED_SWIFT_STANDARD_LIBRARIES = YES;
				BUNDLE_LOADER = "$(TEST_HOST)";
				CODE_SIGN_STYLE = Automatic;
				INFOPLIST_FILE = MiniProject1Tests/Info.plist;
				IPHONEOS_DEPLOYMENT_TARGET = 14.5;
				LD_RUNPATH_SEARCH_PATHS = (
					"$(inherited)",
					"@executable_path/Frameworks",
					"@loader_path/Frameworks",
				);
				PRODUCT_BUNDLE_IDENTIFIER = KWK.MiniProject1Tests;
				PRODUCT_NAME = "$(TARGET_NAME)";
				SWIFT_VERSION = 5.0;
				TARGETED_DEVICE_FAMILY = "1,2";
				TEST_HOST = "$(BUILT_PRODUCTS_DIR)/MiniProject1.app/MiniProject1";
			};
			name = Release;
		};
		45E2978526B1D4800010A805 /* Debug */ = {
			isa = XCBuildConfiguration;
			buildSettings = {
				ALWAYS_EMBED_SWIFT_STANDARD_LIBRARIES = YES;
				CODE_SIGN_STYLE = Automatic;
				INFOPLIST_FILE = MiniProject1UITests/Info.plist;
				LD_RUNPATH_SEARCH_PATHS = (
					"$(inherited)",
					"@executable_path/Frameworks",
					"@loader_path/Frameworks",
				);
				PRODUCT_BUNDLE_IDENTIFIER = KWK.MiniProject1UITests;
				PRODUCT_NAME = "$(TARGET_NAME)";
				SWIFT_VERSION = 5.0;
				TARGETED_DEVICE_FAMILY = "1,2";
				TEST_TARGET_NAME = MiniProject1;
			};
			name = Debug;
		};
		45E2978626B1D4800010A805 /* Release */ = {
			isa = XCBuildConfiguration;
			buildSettings = {
				ALWAYS_EMBED_SWIFT_STANDARD_LIBRARIES = YES;
				CODE_SIGN_STYLE = Automatic;
				INFOPLIST_FILE = MiniProject1UITests/Info.plist;
				LD_RUNPATH_SEARCH_PATHS = (
					"$(inherited)",
					"@executable_path/Frameworks",
					"@loader_path/Frameworks",
				);
				PRODUCT_BUNDLE_IDENTIFIER = KWK.MiniProject1UITests;
				PRODUCT_NAME = "$(TARGET_NAME)";
				SWIFT_VERSION = 5.0;
				TARGETED_DEVICE_FAMILY = "1,2";
				TEST_TARGET_NAME = MiniProject1;
			};
			name = Release;
		};
/* End XCBuildConfiguration section */

/* Begin XCConfigurationList section */
		45E2974C26B1D4770010A805 /* Build configuration list for PBXProject "MiniProject1" */ = {
			isa = XCConfigurationList;
			buildConfigurations = (
				45E2977C26B1D4800010A805 /* Debug */,
				45E2977D26B1D4800010A805 /* Release */,
			);
			defaultConfigurationIsVisible = 0;
			defaultConfigurationName = Release;
		};
		45E2977E26B1D4800010A805 /* Build configuration list for PBXNativeTarget "MiniProject1" */ = {
			isa = XCConfigurationList;
			buildConfigurations = (
				45E2977F26B1D4800010A805 /* Debug */,
				45E2978026B1D4800010A805 /* Release */,
			);
			defaultConfigurationIsVisible = 0;
			defaultConfigurationName = Release;
		};
		45E2978126B1D4800010A805 /* Build configuration list for PBXNativeTarget "MiniProject1Tests" */ = {
			isa = XCConfigurationList;
			buildConfigurations = (
				45E2978226B1D4800010A805 /* Debug */,
				45E2978326B1D4800010A805 /* Release */,
			);
			defaultConfigurationIsVisible = 0;
			defaultConfigurationName = Release;
		};
		45E2978426B1D4800010A805 /* Build configuration list for PBXNativeTarget "MiniProject1UITests" */ = {
			isa = XCConfigurationList;
			buildConfigurations = (
				45E2978526B1D4800010A805 /* Debug */,
				45E2978626B1D4800010A805 /* Release */,
			);
			defaultConfigurationIsVisible = 0;
			defaultConfigurationName = Release;
		};
/* End XCConfigurationList section */

/* Begin XCVersionGroup section */
		45E2975D26B1D4770010A805 /* MiniProject1.xcdatamodeld */ = {
			isa = XCVersionGroup;
			children = (
				45E2975E26B1D4770010A805 /* MiniProject1.xcdatamodel */,
			);
			currentVersion = 45E2975E26B1D4770010A805 /* MiniProject1.xcdatamodel */;
			path = MiniProject1.xcdatamodeld;
			sourceTree = "<group>";
			versionGroupType = wrapper.xcdatamodel;
		};
/* End XCVersionGroup section */
	};
	rootObject = 45E2974926B1D4770010A805 /* Project object */;
}
